PODS:
  - SnapKit (5.6.0)
  - SwiftBaseKit (1.0.0):
    - SwiftBaseKit/Constant (= 1.0.0)
    - SwiftBaseKit/Extension (= 1.0.0)
    - SwiftBaseKit/Manager (= 1.0.0)
  - SwiftBaseKit/Constant (1.0.0)
  - SwiftBaseKit/Extension (1.0.0)
  - SwiftBaseKit/Manager (1.0.0)

DEPENDENCIES:
  - SnapKit (>= 4.2.0)
  - SwiftBaseKit

SPEC REPOS:
  trunk:
    - SnapKit
    - SwiftBaseKit

SPEC CHECKSUMS:
  SnapKit: e01d52ebb8ddbc333eefe2132acf85c8227d9c25
  SwiftBaseKit: 306eb01eda233eb91f5c99fb72023e3d5085f81c

PODFILE CHECKSUM: 553d29a7f56b2f71df9a5b568ebc27864ca07377

COCOAPODS: 1.11.3
